
Microsoft Visual Studio Solution File, Format Version 12.00
# Visual Studio Version 17
VisualStudioVersion = 17.6.33723.286
MinimumVisualStudioVersion = 10.0.40219.1
Project("{9A19103F-16F7-4668-BE54-9A1E7A4F7556}") = "APIGateway", "APIGateway.csproj", "{430874E8-1343-4C36-B62F-5B9F4C066866}"
EndProject
Project("{E53339B2-1760-4266-BCC7-CA923CBCF16C}") = "docker-compose", "docker-compose.dcproj", "{D60F2CC7-8758-42CB-9452-6ECBB600245D}"
EndProject
Global
	GlobalSection(SolutionConfigurationPlatforms) = preSolution
		Debug|Any CPU = Debug|Any CPU
		Release|Any CPU = Release|Any CPU
	EndGlobalSection
	GlobalSection(ProjectConfigurationPlatforms) = postSolution
		{430874E8-1343-4C36-B62F-5B9F4C066866}.Debug|Any CPU.ActiveCfg = Debug|Any CPU
		{430874E8-1343-4C36-B62F-5B9F4C066866}.Debug|Any CPU.Build.0 = Debug|Any CPU
		{430874E8-1343-4C36-B62F-5B9F4C066866}.Release|Any CPU.ActiveCfg = Release|Any CPU
		{430874E8-1343-4C36-B62F-5B9F4C066866}.Release|Any CPU.Build.0 = Release|Any CPU
		{D60F2CC7-8758-42CB-9452-6ECBB600245D}.Debug|Any CPU.ActiveCfg = Debug|Any CPU
		{D60F2CC7-8758-42CB-9452-6ECBB600245D}.Debug|Any CPU.Build.0 = Debug|Any CPU
		{D60F2CC7-8758-42CB-9452-6ECBB600245D}.Release|Any CPU.ActiveCfg = Release|Any CPU
		{D60F2CC7-8758-42CB-9452-6ECBB600245D}.Release|Any CPU.Build.0 = Release|Any CPU
	EndGlobalSection
	GlobalSection(SolutionProperties) = preSolution
		HideSolutionNode = FALSE
	EndGlobalSection
	GlobalSection(ExtensibilityGlobals) = postSolution
		SolutionGuid = {DC57D905-E673-4B27-8DAE-82BEE7775BB4}
	EndGlobalSection
EndGlobal
